
Microsoft Visual Studio Solution File, Format Version 12.00
# Visual Studio Version 17
VisualStudioVersion = 17.5.002.0
MinimumVisualStudioVersion = 10.0.40219.1
Project("{9A19103F-16F7-4668-BE54-9A1E7A4F7556}") = "QCM", "QCM\QCM.csproj", "{42DEED28-4E8A-4AD8-AEDA-70B39E3B1196}"
EndProject
Global
	GlobalSection(SolutionConfigurationPlatforms) = preSolution
		Debug|Any CPU = Debug|Any CPU
		Release|Any CPU = Release|Any CPU
	EndGlobalSection
	GlobalSection(ProjectConfigurationPlatforms) = postSolution
		{42DEED28-4E8A-4AD8-AEDA-70B39E3B1196}.Debug|Any CPU.ActiveCfg = Debug|Any CPU
		{42DEED28-4E8A-4AD8-AEDA-70B39E3B1196}.Debug|Any CPU.Build.0 = Debug|Any CPU
		{42DEED28-4E8A-4AD8-AEDA-70B39E3B1196}.Release|Any CPU.ActiveCfg = Release|Any CPU
		{42DEED28-4E8A-4AD8-AEDA-70B39E3B1196}.Release|Any CPU.Build.0 = Release|Any CPU
	EndGlobalSection
	GlobalSection(SolutionProperties) = preSolution
		HideSolutionNode = FALSE
	EndGlobalSection
	GlobalSection(ExtensibilityGlobals) = postSolution
		SolutionGuid = {A8025709-047C-4D05-AE3D-40AE5E10329C}
	EndGlobalSection
EndGlobal
